
Microsoft Visual Studio Solution File, Format Version 12.00
Project("{FAE04EC0-301F-11D3-BF4B-00C04F79EFBC}") = "GomokuGame", "GomokuGame\GomokuGame.csproj", "{6FC81C1D-F894-43C1-91ED-6E920D0561DD}"
EndProject
Global
	GlobalSection(SolutionConfigurationPlatforms) = preSolution
		Debug|Any CPU = Debug|Any CPU
		Release|Any CPU = Release|Any CPU
	EndGlobalSection
	GlobalSection(ProjectConfigurationPlatforms) = postSolution
		{6FC81C1D-F894-43C1-91ED-6E920D0561DD}.Debug|Any CPU.ActiveCfg = Debug|Any CPU
		{6FC81C1D-F894-43C1-91ED-6E920D0561DD}.Debug|Any CPU.Build.0 = Debug|Any CPU
		{6FC81C1D-F894-43C1-91ED-6E920D0561DD}.Release|Any CPU.ActiveCfg = Release|Any CPU
		{6FC81C1D-F894-43C1-91ED-6E920D0561DD}.Release|Any CPU.Build.0 = Release|Any CPU
	EndGlobalSection
EndGlobal
